
Microsoft Visual Studio Solution File, Format Version 12.00
# Visual Studio Version 17
VisualStudioVersion = 17.1.32407.343
MinimumVisualStudioVersion = 10.0.40219.1
Project("{FAE04EC0-301F-11D3-BF4B-00C04F79EFBC}") = "WpfApp", "WpfApp\WpfApp.csproj", "{ABCB71BC-37D3-494D-857E-9E1DE2F0F41E}"
EndProject
Global
	GlobalSection(SolutionConfigurationPlatforms) = preSolution
		Debug|Any CPU = Debug|Any CPU
		Release|Any CPU = Release|Any CPU
	EndGlobalSection
	GlobalSection(ProjectConfigurationPlatforms) = postSolution
		{ABCB71BC-37D3-494D-857E-9E1DE2F0F41E}.Debug|Any CPU.ActiveCfg = Debug|Any CPU
		{ABCB71BC-37D3-494D-857E-9E1DE2F0F41E}.Debug|Any CPU.Build.0 = Debug|Any CPU
		{ABCB71BC-37D3-494D-857E-9E1DE2F0F41E}.Release|Any CPU.ActiveCfg = Release|Any CPU
		{ABCB71BC-37D3-494D-857E-9E1DE2F0F41E}.Release|Any CPU.Build.0 = Release|Any CPU
	EndGlobalSection
	GlobalSection(SolutionProperties) = preSolution
		HideSolutionNode = FALSE
	EndGlobalSection
	GlobalSection(ExtensibilityGlobals) = postSolution
		SolutionGuid = {7DB37AAA-522C-4C3C-BD6C-9986A7840CFA}
	EndGlobalSection
EndGlobal
